
Microsoft Visual Studio Solution File, Format Version 12.00
# Visual Studio Version 17
VisualStudioVersion = 17.7.33808.371
MinimumVisualStudioVersion = 10.0.40219.1
Project("{9A19103F-16F7-4668-BE54-9A1E7A4F7556}") = "GlobeWander", "GlobeWander\GlobeWander.csproj", "{1D04476A-B445-42FC-A31F-D925DF9DB650}"
EndProject
Project("{FAE04EC0-301F-11D3-BF4B-00C04F79EFBC}") = "Test", "Test\Test.csproj", "{36004472-0A62-4FBC-8F04-30BB3C731D79}"
EndProject
Global
	GlobalSection(SolutionConfigurationPlatforms) = preSolution
		Debug|Any CPU = Debug|Any CPU
		Release|Any CPU = Release|Any CPU
	EndGlobalSection
	GlobalSection(ProjectConfigurationPlatforms) = postSolution
		{1D04476A-B445-42FC-A31F-D925DF9DB650}.Debug|Any CPU.ActiveCfg = Debug|Any CPU
		{1D04476A-B445-42FC-A31F-D925DF9DB650}.Debug|Any CPU.Build.0 = Debug|Any CPU
		{1D04476A-B445-42FC-A31F-D925DF9DB650}.Release|Any CPU.ActiveCfg = Release|Any CPU
		{1D04476A-B445-42FC-A31F-D925DF9DB650}.Release|Any CPU.Build.0 = Release|Any CPU
		{36004472-0A62-4FBC-8F04-30BB3C731D79}.Debug|Any CPU.ActiveCfg = Debug|Any CPU
		{36004472-0A62-4FBC-8F04-30BB3C731D79}.Debug|Any CPU.Build.0 = Debug|Any CPU
		{36004472-0A62-4FBC-8F04-30BB3C731D79}.Release|Any CPU.ActiveCfg = Release|Any CPU
		{36004472-0A62-4FBC-8F04-30BB3C731D79}.Release|Any CPU.Build.0 = Release|Any CPU
	EndGlobalSection
	GlobalSection(SolutionProperties) = preSolution
		HideSolutionNode = FALSE
	EndGlobalSection
	GlobalSection(ExtensibilityGlobals) = postSolution
		SolutionGuid = {0ADADD8C-F498-4BBF-94B8-986C07D8ED5B}
	EndGlobalSection
EndGlobal
